// !$*UTF8*$!
{
	archiveVersion = 1;
	classes = {
	};
	objectVersion = 50;
	objects = {

/* Begin PBXBuildFile section */
		2A24B60022CD98CA002B40FD /* linked-list.c in Sources */ = {isa = PBXBuildFile; fileRef = 2A24B5FF22CD98CA002B40FD /* linked-list.c */; };
		2A24B60322CDD07F002B40FD /* binary-tree-iterate.c in Sources */ = {isa = PBXBuildFile; fileRef = 2A24B60222CDD07F002B40FD /* binary-tree-iterate.c */; };
		2A24FFC622C88F5C004743CB /* main.swift in Sources */ = {isa = PBXBuildFile; fileRef = 2A24FFC522C88F5C004743CB /* main.swift */; };
		2A24FFCE22C8901D004743CB /* Singleton.swift in Sources */ = {isa = PBXBuildFile; fileRef = 2A24FFCD22C8901D004743CB /* Singleton.swift */; };
		2A3CC0B722C8E7D500896290 /* any-repeat-number-in-array.swift in Sources */ = {isa = PBXBuildFile; fileRef = 2A3CC0B622C8E7D500896290 /* any-repeat-number-in-array.swift */; };
		2A40413C22CB3660007B4036 /* find-in-two-dimension-matrix.swift in Sources */ = {isa = PBXBuildFile; fileRef = 2A40413B22CB3660007B4036 /* find-in-two-dimension-matrix.swift */; };
		2A90824022CDD904009E024A /* stack.c in Sources */ = {isa = PBXBuildFile; fileRef = 2A90823F22CDD904009E024A /* stack.c */; };
		2AE9D61122CC96AE003E6FAB /* merge-arrays.c in Sources */ = {isa = PBXBuildFile; fileRef = 2AE9D61022CC96AE003E6FAB /* merge-arrays.c */; };
/* End PBXBuildFile section */

/* Begin PBXCopyFilesBuildPhase section */
		2A24FFC022C88F5B004743CB /* CopyFiles */ = {
			isa = PBXCopyFilesBuildPhase;
			buildActionMask = 2147483647;
			dstPath = /usr/share/man/man1/;
			dstSubfolderSpec = 0;
			files = (
			);
			runOnlyForDeploymentPostprocessing = 1;
		};
/* End PBXCopyFilesBuildPhase section */

/* Begin PBXFileReference section */
		2A24B5FE22CD98CA002B40FD /* linked-list.h */ = {isa = PBXFileReference; lastKnownFileType = sourcecode.c.h; path = "linked-list.h"; sourceTree = "<group>"; };
		2A24B5FF22CD98CA002B40FD /* linked-list.c */ = {isa = PBXFileReference; lastKnownFileType = sourcecode.c.c; path = "linked-list.c"; sourceTree = "<group>"; };
		2A24B60122CDD07F002B40FD /* binary-tree-iterate.h */ = {isa = PBXFileReference; lastKnownFileType = sourcecode.c.h; path = "binary-tree-iterate.h"; sourceTree = "<group>"; };
		2A24B60222CDD07F002B40FD /* binary-tree-iterate.c */ = {isa = PBXFileReference; lastKnownFileType = sourcecode.c.c; path = "binary-tree-iterate.c"; sourceTree = "<group>"; };
		2A24FFC222C88F5C004743CB /* algorithm */ = {isa = PBXFileReference; explicitFileType = "compiled.mach-o.executable"; includeInIndex = 0; path = algorithm; sourceTree = BUILT_PRODUCTS_DIR; };
		2A24FFC522C88F5C004743CB /* main.swift */ = {isa = PBXFileReference; lastKnownFileType = sourcecode.swift; path = main.swift; sourceTree = "<group>"; };
		2A24FFCD22C8901D004743CB /* Singleton.swift */ = {isa = PBXFileReference; lastKnownFileType = sourcecode.swift; path = Singleton.swift; sourceTree = "<group>"; };
		2A3CC0B622C8E7D500896290 /* any-repeat-number-in-array.swift */ = {isa = PBXFileReference; lastKnownFileType = sourcecode.swift; path = "any-repeat-number-in-array.swift"; sourceTree = "<group>"; };
		2A40413B22CB3660007B4036 /* find-in-two-dimension-matrix.swift */ = {isa = PBXFileReference; lastKnownFileType = sourcecode.swift; path = "find-in-two-dimension-matrix.swift"; sourceTree = "<group>"; };
		2A90823E22CDD904009E024A /* stack.h */ = {isa = PBXFileReference; lastKnownFileType = sourcecode.c.h; path = stack.h; sourceTree = "<group>"; };
		2A90823F22CDD904009E024A /* stack.c */ = {isa = PBXFileReference; lastKnownFileType = sourcecode.c.c; path = stack.c; sourceTree = "<group>"; };
		2AE9D60E22CC96AD003E6FAB /* algorithm-Bridging-Header.h */ = {isa = PBXFileReference; lastKnownFileType = sourcecode.c.h; path = "algorithm-Bridging-Header.h"; sourceTree = "<group>"; };
		2AE9D60F22CC96AE003E6FAB /* merge-arrays.h */ = {isa = PBXFileReference; lastKnownFileType = sourcecode.c.h; path = "merge-arrays.h"; sourceTree = "<group>"; };
		2AE9D61022CC96AE003E6FAB /* merge-arrays.c */ = {isa = PBXFileReference; lastKnownFileType = sourcecode.c.c; path = "merge-arrays.c"; sourceTree = "<group>"; };
/* End PBXFileReference section */

/* Begin PBXFrameworksBuildPhase section */
		2A24FFBF22C88F5B004743CB /* Frameworks */ = {
			isa = PBXFrameworksBuildPhase;
			buildActionMask = 2147483647;
			files = (
			);
			runOnlyForDeploymentPostprocessing = 0;
		};
/* End PBXFrameworksBuildPhase section */

/* Begin PBXGroup section */
		2A24FFB922C88F5B004743CB = {
			isa = PBXGroup;
			children = (
				2A24FFC422C88F5C004743CB /* algorithm */,
				2A24FFC322C88F5C004743CB /* Products */,
			);
			sourceTree = "<group>";
		};
		2A24FFC322C88F5C004743CB /* Products */ = {
			isa = PBXGroup;
			children = (
				2A24FFC222C88F5C004743CB /* algorithm */,
			);
			name = Products;
			sourceTree = "<group>";
		};
		2A24FFC422C88F5C004743CB /* algorithm */ = {
			isa = PBXGroup;
			children = (
				2A24FFCC22C88F9C004743CB /* CodingInterviews */,
				2A24FFC522C88F5C004743CB /* main.swift */,
			);
			path = algorithm;
			sourceTree = "<group>";
		};
		2A24FFCC22C88F9C004743CB /* CodingInterviews */ = {
			isa = PBXGroup;
			children = (
				2A90824122CE003B009E024A /* libs */,
				2A24FFCD22C8901D004743CB /* Singleton.swift */,
				2A3CC0B622C8E7D500896290 /* any-repeat-number-in-array.swift */,
				2A40413B22CB3660007B4036 /* find-in-two-dimension-matrix.swift */,
				2AE9D60F22CC96AE003E6FAB /* merge-arrays.h */,
				2AE9D61022CC96AE003E6FAB /* merge-arrays.c */,
				2A24B5FE22CD98CA002B40FD /* linked-list.h */,
				2A24B5FF22CD98CA002B40FD /* linked-list.c */,
				2A24B60122CDD07F002B40FD /* binary-tree-iterate.h */,
				2A24B60222CDD07F002B40FD /* binary-tree-iterate.c */,
				2AE9D60E22CC96AD003E6FAB /* algorithm-Bridging-Header.h */,
			);
			path = CodingInterviews;
			sourceTree = "<group>";
		};
		2A90824122CE003B009E024A /* libs */ = {
			isa = PBXGroup;
			children = (
				2A90823E22CDD904009E024A /* stack.h */,
				2A90823F22CDD904009E024A /* stack.c */,
			);
			path = libs;
			sourceTree = "<group>";
		};
/* End PBXGroup section */

/* Begin PBXNativeTarget section */
		2A24FFC122C88F5B004743CB /* algorithm */ = {
			isa = PBXNativeTarget;
			buildConfigurationList = 2A24FFC922C88F5C004743CB /* Build configuration list for PBXNativeTarget "algorithm" */;
			buildPhases = (
				2A24FFBE22C88F5B004743CB /* Sources */,
				2A24FFBF22C88F5B004743CB /* Frameworks */,
				2A24FFC022C88F5B004743CB /* CopyFiles */,
			);
			buildRules = (
			);
			dependencies = (
			);
			name = algorithm;
			productName = algorithm;
			productReference = 2A24FFC222C88F5C004743CB /* algorithm */;
			productType = "com.apple.product-type.tool";
		};
/* End PBXNativeTarget section */

/* Begin PBXProject section */
		2A24FFBA22C88F5B004743CB /* Project object */ = {
			isa = PBXProject;
			attributes = {
				LastSwiftUpdateCheck = 1020;
				LastUpgradeCheck = 1020;
				ORGANIZATIONNAME = kai;
				TargetAttributes = {
					2A24FFC122C88F5B004743CB = {
						CreatedOnToolsVersion = 10.2.1;
						LastSwiftMigration = 1020;
					};
				};
			};
			buildConfigurationList = 2A24FFBD22C88F5B004743CB /* Build configuration list for PBXProject "algorithm" */;
			compatibilityVersion = "Xcode 9.3";
			developmentRegion = en;
			hasScannedForEncodings = 0;
			knownRegions = (
				en,
			);
			mainGroup = 2A24FFB922C88F5B004743CB;
			productRefGroup = 2A24FFC322C88F5C004743CB /* Products */;
			projectDirPath = "";
			projectRoot = "";
			targets = (
				2A24FFC122C88F5B004743CB /* algorithm */,
			);
		};
/* End PBXProject section */

/* Begin PBXSourcesBuildPhase section */
		2A24FFBE22C88F5B004743CB /* Sources */ = {
			isa = PBXSourcesBuildPhase;
			buildActionMask = 2147483647;
			files = (
				2AE9D61122CC96AE003E6FAB /* merge-arrays.c in Sources */,
				2A3CC0B722C8E7D500896290 /* any-repeat-number-in-array.swift in Sources */,
				2A24FFC622C88F5C004743CB /* main.swift in Sources */,
				2A90824022CDD904009E024A /* stack.c in Sources */,
				2A24B60322CDD07F002B40FD /* binary-tree-iterate.c in Sources */,
				2A40413C22CB3660007B4036 /* find-in-two-dimension-matrix.swift in Sources */,
				2A24B60022CD98CA002B40FD /* linked-list.c in Sources */,
				2A24FFCE22C8901D004743CB /* Singleton.swift in Sources */,
			);
			runOnlyForDeploymentPostprocessing = 0;
		};
/* End PBXSourcesBuildPhase section */

/* Begin XCBuildConfiguration section */
		2A24FFC722C88F5C004743CB /* Debug */ = {
			isa = XCBuildConfiguration;
			buildSettings = {
				ALWAYS_SEARCH_USER_PATHS = NO;
				CLANG_ANALYZER_NONNULL = YES;
				CLANG_ANALYZER_NUMBER_OBJECT_CONVERSION = YES_AGGRESSIVE;
				CLANG_CXX_LANGUAGE_STANDARD = "gnu++14";
				CLANG_CXX_LIBRARY = "libc++";
				CLANG_ENABLE_MODULES = YES;
				CLANG_ENABLE_OBJC_ARC = YES;
				CLANG_ENABLE_OBJC_WEAK = YES;
				CLANG_WARN_BLOCK_CAPTURE_AUTORELEASING = YES;
				CLANG_WARN_BOOL_CONVERSION = YES;
				CLANG_WARN_COMMA = YES;
				CLANG_WARN_CONSTANT_CONVERSION = YES;
				CLANG_WARN_DEPRECATED_OBJC_IMPLEMENTATIONS = YES;
				CLANG_WARN_DIRECT_OBJC_ISA_USAGE = YES_ERROR;
				CLANG_WARN_DOCUMENTATION_COMMENTS = YES;
				CLANG_WARN_EMPTY_BODY = YES;
				CLANG_WARN_ENUM_CONVERSION = YES;
				CLANG_WARN_INFINITE_RECURSION = YES;
				CLANG_WARN_INT_CONVERSION = YES;
				CLANG_WARN_NON_LITERAL_NULL_CONVERSION = YES;
				CLANG_WARN_OBJC_IMPLICIT_RETAIN_SELF = YES;
				CLANG_WARN_OBJC_LITERAL_CONVERSION = YES;
				CLANG_WARN_OBJC_ROOT_CLASS = YES_ERROR;
				CLANG_WARN_RANGE_LOOP_ANALYSIS = YES;
				CLANG_WARN_STRICT_PROTOTYPES = YES;
				CLANG_WARN_SUSPICIOUS_MOVE = YES;
				CLANG_WARN_UNGUARDED_AVAILABILITY = YES_AGGRESSIVE;
				CLANG_WARN_UNREACHABLE_CODE = YES;
				CLANG_WARN__DUPLICATE_METHOD_MATCH = YES;
				CODE_SIGN_IDENTITY = "Mac Developer";
				COPY_PHASE_STRIP = NO;
				DEBUG_INFORMATION_FORMAT = dwarf;
				ENABLE_STRICT_OBJC_MSGSEND = YES;
				ENABLE_TESTABILITY = YES;
				GCC_C_LANGUAGE_STANDARD = gnu11;
				GCC_DYNAMIC_NO_PIC = NO;
				GCC_NO_COMMON_BLOCKS = YES;
				GCC_OPTIMIZATION_LEVEL = 0;
				GCC_PREPROCESSOR_DEFINITIONS = (
					"DEBUG=1",
					"$(inherited)",
				);
				GCC_WARN_64_TO_32_BIT_CONVERSION = YES;
				GCC_WARN_ABOUT_RETURN_TYPE = YES_ERROR;
				GCC_WARN_UNDECLARED_SELECTOR = YES;
				GCC_WARN_UNINITIALIZED_AUTOS = YES_AGGRESSIVE;
				GCC_WARN_UNUSED_FUNCTION = YES;
				GCC_WARN_UNUSED_VARIABLE = YES;
				MACOSX_DEPLOYMENT_TARGET = 10.14;
				MTL_ENABLE_DEBUG_INFO = INCLUDE_SOURCE;
				MTL_FAST_MATH = YES;
				ONLY_ACTIVE_ARCH = YES;
				SDKROOT = macosx;
				SWIFT_ACTIVE_COMPILATION_CONDITIONS = DEBUG;
				SWIFT_OPTIMIZATION_LEVEL = "-Onone";
			};
			name = Debug;
		};
		2A24FFC822C88F5C004743CB /* Release */ = {
			isa = XCBuildConfiguration;
			buildSettings = {
				ALWAYS_SEARCH_USER_PATHS = NO;
				CLANG_ANALYZER_NONNULL = YES;
				CLANG_ANALYZER_NUMBER_OBJECT_CONVERSION = YES_AGGRESSIVE;
				CLANG_CXX_LANGUAGE_STANDARD = "gnu++14";
				CLANG_CXX_LIBRARY = "libc++";
				CLANG_ENABLE_MODULES = YES;
				CLANG_ENABLE_OBJC_ARC = YES;
				CLANG_ENABLE_OBJC_WEAK = YES;
				CLANG_WARN_BLOCK_CAPTURE_AUTORELEASING = YES;
				CLANG_WARN_BOOL_CONVERSION = YES;
				CLANG_WARN_COMMA = YES;
				CLANG_WARN_CONSTANT_CONVERSION = YES;
				CLANG_WARN_DEPRECATED_OBJC_IMPLEMENTATIONS = YES;
				CLANG_WARN_DIRECT_OBJC_ISA_USAGE = YES_ERROR;
				CLANG_WARN_DOCUMENTATION_COMMENTS = YES;
				CLANG_WARN_EMPTY_BODY = YES;
				CLANG_WARN_ENUM_CONVERSION = YES;
				CLANG_WARN_INFINITE_RECURSION = YES;
				CLANG_WARN_INT_CONVERSION = YES;
				CLANG_WARN_NON_LITERAL_NULL_CONVERSION = YES;
				CLANG_WARN_OBJC_IMPLICIT_RETAIN_SELF = YES;
				CLANG_WARN_OBJC_LITERAL_CONVERSION = YES;
				CLANG_WARN_OBJC_ROOT_CLASS = YES_ERROR;
				CLANG_WARN_RANGE_LOOP_ANALYSIS = YES;
				CLANG_WARN_STRICT_PROTOTYPES = YES;
				CLANG_WARN_SUSPICIOUS_MOVE = YES;
				CLANG_WARN_UNGUARDED_AVAILABILITY = YES_AGGRESSIVE;
				CLANG_WARN_UNREACHABLE_CODE = YES;
				CLANG_WARN__DUPLICATE_METHOD_MATCH = YES;
				CODE_SIGN_IDENTITY = "Mac Developer";
				COPY_PHASE_STRIP = NO;
				DEBUG_INFORMATION_FORMAT = "dwarf-with-dsym";
				ENABLE_NS_ASSERTIONS = NO;
				ENABLE_STRICT_OBJC_MSGSEND = YES;
				GCC_C_LANGUAGE_STANDARD = gnu11;
				GCC_NO_COMMON_BLOCKS = YES;
				GCC_WARN_64_TO_32_BIT_CONVERSION = YES;
				GCC_WARN_ABOUT_RETURN_TYPE = YES_ERROR;
				GCC_WARN_UNDECLARED_SELECTOR = YES;
				GCC_WARN_UNINITIALIZED_AUTOS = YES_AGGRESSIVE;
				GCC_WARN_UNUSED_FUNCTION = YES;
				GCC_WARN_UNUSED_VARIABLE = YES;
				MACOSX_DEPLOYMENT_TARGET = 10.14;
				MTL_ENABLE_DEBUG_INFO = NO;
				MTL_FAST_MATH = YES;
				SDKROOT = macosx;
				SWIFT_COMPILATION_MODE = wholemodule;
				SWIFT_OPTIMIZATION_LEVEL = "-O";
			};
			name = Release;
		};
		2A24FFCA22C88F5C004743CB /* Debug */ = {
			isa = XCBuildConfiguration;
			buildSettings = {
				CLANG_ENABLE_MODULES = YES;
				CODE_SIGN_STYLE = Automatic;
				DEVELOPMENT_TEAM = 3NFVM7S86S;
				LD_RUNPATH_SEARCH_PATHS = (
					"$(inherited)",
					"@executable_path/../Frameworks",
					"@loader_path/../Frameworks",
				);
				PRODUCT_NAME = "$(TARGET_NAME)";
				SWIFT_OBJC_BRIDGING_HEADER = "algorithm/CodingInterviews/algorithm-Bridging-Header.h";
				SWIFT_OPTIMIZATION_LEVEL = "-Onone";
				SWIFT_VERSION = 5.0;
			};
			name = Debug;
		};
		2A24FFCB22C88F5C004743CB /* Release */ = {
			isa = XCBuildConfiguration;
			buildSettings = {
				CLANG_ENABLE_MODULES = YES;
				CODE_SIGN_STYLE = Automatic;
				DEVELOPMENT_TEAM = 3NFVM7S86S;
				LD_RUNPATH_SEARCH_PATHS = (
					"$(inherited)",
					"@executable_path/../Frameworks",
					"@loader_path/../Frameworks",
				);
				PRODUCT_NAME = "$(TARGET_NAME)";
				SWIFT_OBJC_BRIDGING_HEADER = "algorithm/CodingInterviews/algorithm-Bridging-Header.h";
				SWIFT_VERSION = 5.0;
			};
			name = Release;
		};
/* End XCBuildConfiguration section */

/* Begin XCConfigurationList section */
		2A24FFBD22C88F5B004743CB /* Build configuration list for PBXProject "algorithm" */ = {
			isa = XCConfigurationList;
			buildConfigurations = (
				2A24FFC722C88F5C004743CB /* Debug */,
				2A24FFC822C88F5C004743CB /* Release */,
			);
			defaultConfigurationIsVisible = 0;
			defaultConfigurationName = Release;
		};
		2A24FFC922C88F5C004743CB /* Build configuration list for PBXNativeTarget "algorithm" */ = {
			isa = XCConfigurationList;
			buildConfigurations = (
				2A24FFCA22C88F5C004743CB /* Debug */,
				2A24FFCB22C88F5C004743CB /* Release */,
			);
			defaultConfigurationIsVisible = 0;
			defaultConfigurationName = Release;
		};
/* End XCConfigurationList section */
	};
	rootObject = 2A24FFBA22C88F5B004743CB /* Project object */;
}
